
Microsoft Visual Studio Solution File, Format Version 12.00
# Visual Studio Version 16
VisualStudioVersion = 16.0.31205.134
MinimumVisualStudioVersion = 10.0.40219.1
Project("{9A19103F-16F7-4668-BE54-9A1E7A4F7556}") = "WebApi-MelhoresPraticas", "src\WebApi-MelhoresPraticas\WebApi-MelhoresPraticas.csproj", "{2DE5CF69-5A39-4D74-AD6D-764C6CCDB176}"
EndProject
Project("{9A19103F-16F7-4668-BE54-9A1E7A4F7556}") = "WebAppMVC", "src\WebAppMVC\WebAppMVC.csproj", "{18E90C94-827D-4C6B-90B6-99EE69B3AE06}"
EndProject
Global
	GlobalSection(SolutionConfigurationPlatforms) = preSolution
		Debug|Any CPU = Debug|Any CPU
		Release|Any CPU = Release|Any CPU
	EndGlobalSection
	GlobalSection(ProjectConfigurationPlatforms) = postSolution
		{2DE5CF69-5A39-4D74-AD6D-764C6CCDB176}.Debug|Any CPU.ActiveCfg = Debug|Any CPU
		{2DE5CF69-5A39-4D74-AD6D-764C6CCDB176}.Debug|Any CPU.Build.0 = Debug|Any CPU
		{2DE5CF69-5A39-4D74-AD6D-764C6CCDB176}.Release|Any CPU.ActiveCfg = Release|Any CPU
		{2DE5CF69-5A39-4D74-AD6D-764C6CCDB176}.Release|Any CPU.Build.0 = Release|Any CPU
		{18E90C94-827D-4C6B-90B6-99EE69B3AE06}.Debug|Any CPU.ActiveCfg = Debug|Any CPU
		{18E90C94-827D-4C6B-90B6-99EE69B3AE06}.Debug|Any CPU.Build.0 = Debug|Any CPU
		{18E90C94-827D-4C6B-90B6-99EE69B3AE06}.Release|Any CPU.ActiveCfg = Release|Any CPU
		{18E90C94-827D-4C6B-90B6-99EE69B3AE06}.Release|Any CPU.Build.0 = Release|Any CPU
	EndGlobalSection
	GlobalSection(SolutionProperties) = preSolution
		HideSolutionNode = FALSE
	EndGlobalSection
	GlobalSection(ExtensibilityGlobals) = postSolution
		SolutionGuid = {58BCD192-49B6-4178-87DF-943F87BBE701}
	EndGlobalSection
EndGlobal
